
Microsoft Visual Studio Solution File, Format Version 12.00
# Visual Studio 15
VisualStudioVersion = 15.0.27428.2002
MinimumVisualStudioVersion = 10.0.40219.1
Project("{FAE04EC0-301F-11D3-BF4B-00C04F79EFBC}") = "Grammatical OOP", "BetterPECLE v3\Grammatical OOP.csproj", "{C1D268DD-EE38-4736-86FE-BA852E7796C0}"
EndProject
Global
	GlobalSection(SolutionConfigurationPlatforms) = preSolution
		Debug|Any CPU = Debug|Any CPU
		Release|Any CPU = Release|Any CPU
	EndGlobalSection
	GlobalSection(ProjectConfigurationPlatforms) = postSolution
		{C1D268DD-EE38-4736-86FE-BA852E7796C0}.Debug|Any CPU.ActiveCfg = Debug|Any CPU
		{C1D268DD-EE38-4736-86FE-BA852E7796C0}.Debug|Any CPU.Build.0 = Debug|Any CPU
		{C1D268DD-EE38-4736-86FE-BA852E7796C0}.Release|Any CPU.ActiveCfg = Release|Any CPU
		{C1D268DD-EE38-4736-86FE-BA852E7796C0}.Release|Any CPU.Build.0 = Release|Any CPU
	EndGlobalSection
	GlobalSection(SolutionProperties) = preSolution
		HideSolutionNode = FALSE
	EndGlobalSection
	GlobalSection(ExtensibilityGlobals) = postSolution
		SolutionGuid = {86F75B34-1319-49F8-9D96-8DBB20FA8CD1}
	EndGlobalSection
EndGlobal
